
Microsoft Visual Studio Solution File, Format Version 12.00
# Visual Studio Version 16
VisualStudioVersion = 16.0.31410.357
MinimumVisualStudioVersion = 10.0.40219.1
Project("{FAE04EC0-301F-11D3-BF4B-00C04F79EFBC}") = "NLayerBankProject.API", "NLayerBankProject.API\NLayerBankProject.API.csproj", "{32B09914-046F-4B5A-9C14-C9993176DEBA}"
EndProject
Project("{FAE04EC0-301F-11D3-BF4B-00C04F79EFBC}") = "NLayerBankProject.Core", "NLayerBankProject.Core\NLayerBankProject.Core.csproj", "{EE438DCE-EA7B-44AF-BFE0-C6F3D0BD4B40}"
EndProject
Project("{FAE04EC0-301F-11D3-BF4B-00C04F79EFBC}") = "NLayerBankProject.Data", "NLayerBankProject.Data\NLayerBankProject.Data.csproj", "{025DFFA3-F955-4BED-A807-AA9DF1655588}"
EndProject
Project("{FAE04EC0-301F-11D3-BF4B-00C04F79EFBC}") = "NLayerProject.Service", "NLayerProject.Service\NLayerProject.Service.csproj", "{F3F95BC1-2461-4129-9EDF-26BAEC374068}"
EndProject
Global
	GlobalSection(SolutionConfigurationPlatforms) = preSolution
		Debug|Any CPU = Debug|Any CPU
		Release|Any CPU = Release|Any CPU
	EndGlobalSection
	GlobalSection(ProjectConfigurationPlatforms) = postSolution
		{32B09914-046F-4B5A-9C14-C9993176DEBA}.Debug|Any CPU.ActiveCfg = Debug|Any CPU
		{32B09914-046F-4B5A-9C14-C9993176DEBA}.Debug|Any CPU.Build.0 = Debug|Any CPU
		{32B09914-046F-4B5A-9C14-C9993176DEBA}.Release|Any CPU.ActiveCfg = Release|Any CPU
		{32B09914-046F-4B5A-9C14-C9993176DEBA}.Release|Any CPU.Build.0 = Release|Any CPU
		{EE438DCE-EA7B-44AF-BFE0-C6F3D0BD4B40}.Debug|Any CPU.ActiveCfg = Debug|Any CPU
		{EE438DCE-EA7B-44AF-BFE0-C6F3D0BD4B40}.Debug|Any CPU.Build.0 = Debug|Any CPU
		{EE438DCE-EA7B-44AF-BFE0-C6F3D0BD4B40}.Release|Any CPU.ActiveCfg = Release|Any CPU
		{EE438DCE-EA7B-44AF-BFE0-C6F3D0BD4B40}.Release|Any CPU.Build.0 = Release|Any CPU
		{025DFFA3-F955-4BED-A807-AA9DF1655588}.Debug|Any CPU.ActiveCfg = Debug|Any CPU
		{025DFFA3-F955-4BED-A807-AA9DF1655588}.Debug|Any CPU.Build.0 = Debug|Any CPU
		{025DFFA3-F955-4BED-A807-AA9DF1655588}.Release|Any CPU.ActiveCfg = Release|Any CPU
		{025DFFA3-F955-4BED-A807-AA9DF1655588}.Release|Any CPU.Build.0 = Release|Any CPU
		{F3F95BC1-2461-4129-9EDF-26BAEC374068}.Debug|Any CPU.ActiveCfg = Debug|Any CPU
		{F3F95BC1-2461-4129-9EDF-26BAEC374068}.Debug|Any CPU.Build.0 = Debug|Any CPU
		{F3F95BC1-2461-4129-9EDF-26BAEC374068}.Release|Any CPU.ActiveCfg = Release|Any CPU
		{F3F95BC1-2461-4129-9EDF-26BAEC374068}.Release|Any CPU.Build.0 = Release|Any CPU
	EndGlobalSection
	GlobalSection(SolutionProperties) = preSolution
		HideSolutionNode = FALSE
	EndGlobalSection
	GlobalSection(ExtensibilityGlobals) = postSolution
		SolutionGuid = {E97A4DA1-5343-4303-8216-E5B9502DB416}
	EndGlobalSection
EndGlobal
